Microsoft Visual Studio Solution File, Format Version 12.00
# Visual Studio Version 17
VisualStudioVersion = 17.5.2.0
MinimumVisualStudioVersion = 10.0.40219.1
Project("{2150E333-8FDC-42A3-9474-1A3956D46DE8}") = "homestay-backend", "homestay-backend", "{83FBE2F6-A638-A735-D903-54B2947FCC3C}"
EndProject
Project("{FAE04EC0-301F-11D3-BF4B-00C04F79EFBC}") = "Homestay.Api", "homestay-backend\Homestay.Api\Homestay.Api.csproj", "{916C7111-F30B-2CA9-1941-665FC6ADE57D}"
EndProject
Global
	GlobalSection(SolutionConfigurationPlatforms) = preSolution
		Debug|Any CPU = Debug|Any CPU
		Release|Any CPU = Release|Any CPU
	EndGlobalSection
	GlobalSection(ProjectConfigurationPlatforms) = postSolution
		{916C7111-F30B-2CA9-1941-665FC6ADE57D}.Debug|Any CPU.ActiveCfg = Debug|Any CPU
		{916C7111-F30B-2CA9-1941-665FC6ADE57D}.Debug|Any CPU.Build.0 = Debug|Any CPU
		{916C7111-F30B-2CA9-1941-665FC6ADE57D}.Release|Any CPU.ActiveCfg = Release|Any CPU
		{916C7111-F30B-2CA9-1941-665FC6ADE57D}.Release|Any CPU.Build.0 = Release|Any CPU
	EndGlobalSection
	GlobalSection(SolutionProperties) = preSolution
		HideSolutionNode = FALSE
	EndGlobalSection
	GlobalSection(NestedProjects) = preSolution
		{916C7111-F30B-2CA9-1941-665FC6ADE57D} = {83FBE2F6-A638-A735-D903-54B2947FCC3C}
	EndGlobalSection
	GlobalSection(ExtensibilityGlobals) = postSolution
		SolutionGuid = {85C30996-B58D-4C2C-AF3A-EF706B376E75}
	EndGlobalSection
EndGlobal
